Microsoft Visual Studio Solution File, Format Version 12.00
# Visual Studio Version 17
VisualStudioVersion = 17.10.0.0
MinimumVisualStudioVersion = 10.0.40219.1
Project("{FAE04EC0-301F-11D3-BF4B-00C04F79EFBC}") = "P1Fast.Cockpit.Domain", "P1Fast.Cockpit.Domain\P1Fast.Cockpit.Domain.csproj", "{1E1A3D31-1A11-4F0A-9C5A-1A0C0C0C0001}"
EndProject
Project("{FAE04EC0-301F-11D3-BF4B-00C04F79EFBC}") = "P1Fast.Cockpit.Domain.Tests", "P1Fast.Cockpit.Domain.Tests\P1Fast.Cockpit.Domain.Tests.csproj", "{1E1A3D31-1A11-4F0A-9C5A-1A0C0C0C0002}"
EndProject
Project("{FAE04EC0-301F-11D3-BF4B-00C04F79EFBC}") = "P1Fast.Cockpit.T4000LiveDemo", "P1Fast.Cockpit.T4000LiveDemo\P1Fast.Cockpit.T4000LiveDemo.csproj", "{1E1A3D31-1A11-4F0A-9C5A-1A0C0C0C0003}"
EndProject
Global
	GlobalSection(SolutionConfigurationPlatforms) = preSolution
		Debug|Any CPU = Debug|Any CPU
		Release|Any CPU = Release|Any CPU
	EndGlobalSection
	GlobalSection(ProjectConfigurationPlatforms) = postSolution
		{1E1A3D31-1A11-4F0A-9C5A-1A0C0C0C0001}.Debug|Any CPU.ActiveCfg = Debug|Any CPU
		{1E1A3D31-1A11-4F0A-9C5A-1A0C0C0C0001}.Debug|Any CPU.Build.0 = Debug|Any CPU
		{1E1A3D31-1A11-4F0A-9C5A-1A0C0C0C0001}.Release|Any CPU.ActiveCfg = Release|Any CPU
		{1E1A3D31-1A11-4F0A-9C5A-1A0C0C0C0001}.Release|Any CPU.Build.0 = Release|Any CPU
		{1E1A3D31-1A11-4F0A-9C5A-1A0C0C0C0002}.Debug|Any CPU.ActiveCfg = Debug|Any CPU
		{1E1A3D31-1A11-4F0A-9C5A-1A0C0C0C0002}.Debug|Any CPU.Build.0 = Debug|Any CPU
		{1E1A3D31-1A11-4F0A-9C5A-1A0C0C0C0002}.Release|Any CPU.ActiveCfg = Release|Any CPU
		{1E1A3D31-1A11-4F0A-9C5A-1A0C0C0C0002}.Release|Any CPU.Build.0 = Release|Any CPU
		{1E1A3D31-1A11-4F0A-9C5A-1A0C0C0C0003}.Debug|Any CPU.ActiveCfg = Debug|Any CPU
		{1E1A3D31-1A11-4F0A-9C5A-1A0C0C0C0003}.Debug|Any CPU.Build.0 = Debug|Any CPU
		{1E1A3D31-1A11-4F0A-9C5A-1A0C0C0C0003}.Release|Any CPU.ActiveCfg = Release|Any CPU
		{1E1A3D31-1A11-4F0A-9C5A-1A0C0C0C0003}.Release|Any CPU.Build.0 = Release|Any CPU
	EndGlobalSection
EndGlobal
